
Microsoft Visual Studio Solution File, Format Version 12.00
# Visual Studio 15
VisualStudioVersion = 15.0.28307.168
MinimumVisualStudioVersion = 10.0.40219.1
Project("{9A19103F-16F7-4668-BE54-9A1E7A4F7556}") = "API", "API\API.csproj", "{23EB0FE6-F4EB-46E1-85EF-9144023C55DF}"
EndProject
Project("{9A19103F-16F7-4668-BE54-9A1E7A4F7556}") = "Gateway", "Gateway\Gateway.csproj", "{B5C45C40-818F-4166-A93E-9456931AD81D}"
EndProject
Project("{9A19103F-16F7-4668-BE54-9A1E7A4F7556}") = "MMLib.SwaggerForOcelot", "SwaggerForOcelot\src\MMLib.SwaggerForOcelot\MMLib.SwaggerForOcelot.csproj", "{74E6A6DB-4CE1-4C7C-89BF-0B69A1EF2D2D}"
EndProject
Global
	GlobalSection(SolutionConfigurationPlatforms) = preSolution
		Debug|Any CPU = Debug|Any CPU
		Release|Any CPU = Release|Any CPU
	EndGlobalSection
	GlobalSection(ProjectConfigurationPlatforms) = postSolution
		{23EB0FE6-F4EB-46E1-85EF-9144023C55DF}.Debug|Any CPU.ActiveCfg = Debug|Any CPU
		{23EB0FE6-F4EB-46E1-85EF-9144023C55DF}.Debug|Any CPU.Build.0 = Debug|Any CPU
		{23EB0FE6-F4EB-46E1-85EF-9144023C55DF}.Release|Any CPU.ActiveCfg = Release|Any CPU
		{23EB0FE6-F4EB-46E1-85EF-9144023C55DF}.Release|Any CPU.Build.0 = Release|Any CPU
		{B5C45C40-818F-4166-A93E-9456931AD81D}.Debug|Any CPU.ActiveCfg = Debug|Any CPU
		{B5C45C40-818F-4166-A93E-9456931AD81D}.Debug|Any CPU.Build.0 = Debug|Any CPU
		{B5C45C40-818F-4166-A93E-9456931AD81D}.Release|Any CPU.ActiveCfg = Release|Any CPU
		{B5C45C40-818F-4166-A93E-9456931AD81D}.Release|Any CPU.Build.0 = Release|Any CPU
		{74E6A6DB-4CE1-4C7C-89BF-0B69A1EF2D2D}.Debug|Any CPU.ActiveCfg = Debug|Any CPU
		{74E6A6DB-4CE1-4C7C-89BF-0B69A1EF2D2D}.Debug|Any CPU.Build.0 = Debug|Any CPU
		{74E6A6DB-4CE1-4C7C-89BF-0B69A1EF2D2D}.Release|Any CPU.ActiveCfg = Release|Any CPU
		{74E6A6DB-4CE1-4C7C-89BF-0B69A1EF2D2D}.Release|Any CPU.Build.0 = Release|Any CPU
	EndGlobalSection
	GlobalSection(SolutionProperties) = preSolution
		HideSolutionNode = FALSE
	EndGlobalSection
	GlobalSection(ExtensibilityGlobals) = postSolution
		SolutionGuid = {3D94DD57-A878-41F7-B9D2-5147517EC6AF}
	EndGlobalSection
EndGlobal
